
Microsoft Visual Studio Solution File, Format Version 11.00
# Visual Studio 2010
Project("{FAE04EC0-301F-11D3-BF4B-00C04F79EFBC}") = "a3fed2a0409e743b181027a5b7959aac", "Assembly-CSharp.csproj", "{EE5CDE36-8E89-100E-D6F5-8CB244442203}"
EndProject
Project("{FAE04EC0-301F-11D3-BF4B-00C04F79EFBC}") = "a3fed2a0409e743b181027a5b7959aac", "Assembly-CSharp-Editor.csproj", "{1D1C02F1-7A33-32D9-331C-44B430AD20FB}"
EndProject
Global
	GlobalSection(SolutionConfigurationPlatforms) = preSolution
		Debug|Any CPU = Debug|Any CPU
		Release|Any CPU = Release|Any CPU
	EndGlobalSection
	GlobalSection(ProjectConfigurationPlatforms) = postSolution
		{EE5CDE36-8E89-100E-D6F5-8CB244442203}.Debug|Any CPU.ActiveCfg = Debug|Any CPU
		{EE5CDE36-8E89-100E-D6F5-8CB244442203}.Debug|Any CPU.Build.0 = Debug|Any CPU
		{EE5CDE36-8E89-100E-D6F5-8CB244442203}.Release|Any CPU.ActiveCfg = Release|Any CPU
		{EE5CDE36-8E89-100E-D6F5-8CB244442203}.Release|Any CPU.Build.0 = Release|Any CPU
		{1D1C02F1-7A33-32D9-331C-44B430AD20FB}.Debug|Any CPU.ActiveCfg = Debug|Any CPU
		{1D1C02F1-7A33-32D9-331C-44B430AD20FB}.Debug|Any CPU.Build.0 = Debug|Any CPU
		{1D1C02F1-7A33-32D9-331C-44B430AD20FB}.Release|Any CPU.ActiveCfg = Release|Any CPU
		{1D1C02F1-7A33-32D9-331C-44B430AD20FB}.Release|Any CPU.Build.0 = Release|Any CPU
	EndGlobalSection
	GlobalSection(SolutionProperties) = preSolution
		HideSolutionNode = FALSE
	EndGlobalSection
	GlobalSection(MonoDevelopProperties) = preSolution
		StartupItem = Assembly-CSharp.csproj
	EndGlobalSection
EndGlobal
